
Microsoft Visual Studio Solution File, Format Version 12.00
# Visual Studio 15
Project("{FAE04EC0-301F-11D3-BF4B-00C04F79EFBC}") = "Kademlia", "Kademlia\Kademlia.csproj", "{D9B2C5D2-1CB1-4A97-80DC-D40C33C5F44F}"
EndProject
Global
	GlobalSection(SolutionConfigurationPlatforms) = preSolution
		Debug|x86 = Debug|x86
		Release|x86 = Release|x86
	EndGlobalSection
	GlobalSection(ProjectConfigurationPlatforms) = postSolution
		{D9B2C5D2-1CB1-4A97-80DC-D40C33C5F44F}.Debug|x86.ActiveCfg = Debug|x86
		{D9B2C5D2-1CB1-4A97-80DC-D40C33C5F44F}.Debug|x86.Build.0 = Debug|x86
		{D9B2C5D2-1CB1-4A97-80DC-D40C33C5F44F}.Release|x86.ActiveCfg = Release|x86
		{D9B2C5D2-1CB1-4A97-80DC-D40C33C5F44F}.Release|x86.Build.0 = Release|x86
	EndGlobalSection
EndGlobal
